// !$*UTF8*$!
{
	archiveVersion = 1;
	classes = {
	};
	objectVersion = 48;
	objects = {

/* Begin PBXBuildFile section */
		2483FAA5618D6EA1EEA1DF94 /* Pods_lolApp.framework in Frameworks */ = {isa = PBXBuildFile; fileRef = 8DD39FB0BD9A5CF8D5F16273 /* Pods_lolApp.framework */; };
		DF1FA4A02083A6EB00F69AA6 /* RoundImageView.swift in Sources */ = {isa = PBXBuildFile; fileRef = DF1FA49F2083A6EB00F69AA6 /* RoundImageView.swift */; };
		DF1FA4A42083BEE700F69AA6 /* RoundedView.swift in Sources */ = {isa = PBXBuildFile; fileRef = DF1FA4A32083BEE700F69AA6 /* RoundedView.swift */; };
		DF2DB153203B791600406809 /* GameDataModel.swift in Sources */ = {isa = PBXBuildFile; fileRef = DF2DB152203B791600406809 /* GameDataModel.swift */; };
		DF468587203CC3A9002ED878 /* UserDataModel.swift in Sources */ = {isa = PBXBuildFile; fileRef = DF468586203CC3A9002ED878 /* UserDataModel.swift */; };
		DF47F164203C7807007717AD /* StartViewController.swift in Sources */ = {isa = PBXBuildFile; fileRef = DF47F163203C7807007717AD /* StartViewController.swift */; };
		DF7BE4DE2035B37200E2F7E1 /* AppDelegate.swift in Sources */ = {isa = PBXBuildFile; fileRef = DF7BE4DD2035B37200E2F7E1 /* AppDelegate.swift */; };
		DF7BE4E32035B37200E2F7E1 /* Main.storyboard in Resources */ = {isa = PBXBuildFile; fileRef = DF7BE4E12035B37200E2F7E1 /* Main.storyboard */; };
		DF7BE4E52035B37200E2F7E1 /* Assets.xcassets in Resources */ = {isa = PBXBuildFile; fileRef = DF7BE4E42035B37200E2F7E1 /* Assets.xcassets */; };
		DF7BE4E82035B37200E2F7E1 /* LaunchScreen.storyboard in Resources */ = {isa = PBXBuildFile; fileRef = DF7BE4E62035B37200E2F7E1 /* LaunchScreen.storyboard */; };
		DF9D047F205C8E1300203846 /* RoundedShadowButton.swift in Sources */ = {isa = PBXBuildFile; fileRef = DF9D047E205C8E1300203846 /* RoundedShadowButton.swift */; };
		DF9D0481205C8F5400203846 /* RoundedShadowView.swift in Sources */ = {isa = PBXBuildFile; fileRef = DF9D0480205C8F5400203846 /* RoundedShadowView.swift */; };
/* End PBXBuildFile section */

/* Begin PBXFileReference section */
		6A0894DF08679EC0B7F97E28 /* Pods-lolApp.release.xcconfig */ = {isa = PBXFileReference; includeInIndex = 1; lastKnownFileType = text.xcconfig; name = "Pods-lolApp.release.xcconfig"; path = "Pods/Target Support Files/Pods-lolApp/Pods-lolApp.release.xcconfig"; sourceTree = "<group>"; };
		8DD39FB0BD9A5CF8D5F16273 /* Pods_lolApp.framework */ = {isa = PBXFileReference; explicitFileType = wrapper.framework; includeInIndex = 0; path = Pods_lolApp.framework; sourceTree = BUILT_PRODUCTS_DIR; };
		BEA533E6AA126559F3A1309B /* Pods-lolApp.debug.xcconfig */ = {isa = PBXFileReference; includeInIndex = 1; lastKnownFileType = text.xcconfig; name = "Pods-lolApp.debug.xcconfig"; path = "Pods/Target Support Files/Pods-lolApp/Pods-lolApp.debug.xcconfig"; sourceTree = "<group>"; };
		DF1FA49F2083A6EB00F69AA6 /* RoundImageView.swift */ = {isa = PBXFileReference; fileEncoding = 4; lastKnownFileType = sourcecode.swift; path = RoundImageView.swift; sourceTree = "<group>"; };
		DF1FA4A32083BEE700F69AA6 /* RoundedView.swift */ = {isa = PBXFileReference; lastKnownFileType = sourcecode.swift; path = RoundedView.swift; sourceTree = "<group>"; };
		DF2DB152203B791600406809 /* GameDataModel.swift */ = {isa = PBXFileReference; lastKnownFileType = sourcecode.swift; path = GameDataModel.swift; sourceTree = "<group>"; };
		DF468586203CC3A9002ED878 /* UserDataModel.swift */ = {isa = PBXFileReference; lastKnownFileType = sourcecode.swift; path = UserDataModel.swift; sourceTree = "<group>"; };
		DF47F163203C7807007717AD /* StartViewController.swift */ = {isa = PBXFileReference; lastKnownFileType = sourcecode.swift; path = StartViewController.swift; sourceTree = "<group>"; };
		DF7BE4DA2035B37200E2F7E1 /* lolApp.app */ = {isa = PBXFileReference; explicitFileType = wrapper.application; includeInIndex = 0; path = lolApp.app; sourceTree = BUILT_PRODUCTS_DIR; };
		DF7BE4DD2035B37200E2F7E1 /* AppDelegate.swift */ = {isa = PBXFileReference; lastKnownFileType = sourcecode.swift; path = AppDelegate.swift; sourceTree = "<group>"; };
		DF7BE4E22035B37200E2F7E1 /* Base */ = {isa = PBXFileReference; lastKnownFileType = file.storyboard; name = Base; path = Base.lproj/Main.storyboard; sourceTree = "<group>"; };
		DF7BE4E42035B37200E2F7E1 /* Assets.xcassets */ = {isa = PBXFileReference; lastKnownFileType = folder.assetcatalog; path = Assets.xcassets; sourceTree = "<group>"; };
		DF7BE4E72035B37200E2F7E1 /* Base */ = {isa = PBXFileReference; lastKnownFileType = file.storyboard; name = Base; path = Base.lproj/LaunchScreen.storyboard; sourceTree = "<group>"; };
		DF7BE4E92035B37200E2F7E1 /* Info.plist */ = {isa = PBXFileReference; lastKnownFileType = text.plist.xml; path = Info.plist; sourceTree = "<group>"; };
		DF9D047E205C8E1300203846 /* RoundedShadowButton.swift */ = {isa = PBXFileReference; lastKnownFileType = sourcecode.swift; path = RoundedShadowButton.swift; sourceTree = "<group>"; };
		DF9D0480205C8F5400203846 /* RoundedShadowView.swift */ = {isa = PBXFileReference; lastKnownFileType = sourcecode.swift; path = RoundedShadowView.swift; sourceTree = "<group>"; };
/* End PBXFileReference section */

/* Begin PBXFrameworksBuildPhase section */
		DF7BE4D72035B37200E2F7E1 /* Frameworks */ = {
			isa = PBXFrameworksBuildPhase;
			buildActionMask = 2147483647;
			files = (
				2483FAA5618D6EA1EEA1DF94 /* Pods_lolApp.framework in Frameworks */,
			);
			runOnlyForDeploymentPostprocessing = 0;
		};
/* End PBXFrameworksBuildPhase section */

/* Begin PBXGroup section */
		0420774C616627479CF03B1F /* Frameworks */ = {
			isa = PBXGroup;
			children = (
				8DD39FB0BD9A5CF8D5F16273 /* Pods_lolApp.framework */,
			);
			name = Frameworks;
			sourceTree = "<group>";
		};
		BFAAD8CB11FF7BF4ECA07C23 /* Pods */ = {
			isa = PBXGroup;
			children = (
				BEA533E6AA126559F3A1309B /* Pods-lolApp.debug.xcconfig */,
				6A0894DF08679EC0B7F97E28 /* Pods-lolApp.release.xcconfig */,
			);
			name = Pods;
			sourceTree = "<group>";
		};
		DF7BE4D12035B37200E2F7E1 = {
			isa = PBXGroup;
			children = (
				DF7BE4DC2035B37200E2F7E1 /* lolApp */,
				DF7BE4DB2035B37200E2F7E1 /* Products */,
				BFAAD8CB11FF7BF4ECA07C23 /* Pods */,
				0420774C616627479CF03B1F /* Frameworks */,
			);
			sourceTree = "<group>";
		};
		DF7BE4DB2035B37200E2F7E1 /* Products */ = {
			isa = PBXGroup;
			children = (
				DF7BE4DA2035B37200E2F7E1 /* lolApp.app */,
			);
			name = Products;
			sourceTree = "<group>";
		};
		DF7BE4DC2035B37200E2F7E1 /* lolApp */ = {
			isa = PBXGroup;
			children = (
				DF9D047D205C8DE100203846 /* View */,
				DF7BE4DD2035B37200E2F7E1 /* AppDelegate.swift */,
				DF7BE4E12035B37200E2F7E1 /* Main.storyboard */,
				DF7BE4E42035B37200E2F7E1 /* Assets.xcassets */,
				DF7BE4E62035B37200E2F7E1 /* LaunchScreen.storyboard */,
				DF7BE4E92035B37200E2F7E1 /* Info.plist */,
				DF47F163203C7807007717AD /* StartViewController.swift */,
				DF2DB152203B791600406809 /* GameDataModel.swift */,
				DF468586203CC3A9002ED878 /* UserDataModel.swift */,
			);
			path = lolApp;
			sourceTree = "<group>";
		};
		DF9D047D205C8DE100203846 /* View */ = {
			isa = PBXGroup;
			children = (
				DF9D047E205C8E1300203846 /* RoundedShadowButton.swift */,
				DF9D0480205C8F5400203846 /* RoundedShadowView.swift */,
				DF1FA49F2083A6EB00F69AA6 /* RoundImageView.swift */,
				DF1FA4A32083BEE700F69AA6 /* RoundedView.swift */,
			);
			path = View;
			sourceTree = "<group>";
		};
/* End PBXGroup section */

/* Begin PBXNativeTarget section */
		DF7BE4D92035B37200E2F7E1 /* lolApp */ = {
			isa = PBXNativeTarget;
			buildConfigurationList = DF7BE4EC2035B37200E2F7E1 /* Build configuration list for PBXNativeTarget "lolApp" */;
			buildPhases = (
				8888DD7D12BA26BCF12814C4 /* [CP] Check Pods Manifest.lock */,
				DF7BE4D62035B37200E2F7E1 /* Sources */,
				DF7BE4D72035B37200E2F7E1 /* Frameworks */,
				DF7BE4D82035B37200E2F7E1 /* Resources */,
				51E4D6D90C388DE00EA5D96D /* [CP] Embed Pods Frameworks */,
				51DED2DD1C42B6ECF2D4C245 /* [CP] Copy Pods Resources */,
			);
			buildRules = (
			);
			dependencies = (
			);
			name = lolApp;
			productName = lolApp;
			productReference = DF7BE4DA2035B37200E2F7E1 /* lolApp.app */;
			productType = "com.apple.product-type.application";
		};
/* End PBXNativeTarget section */

/* Begin PBXProject section */
		DF7BE4D22035B37200E2F7E1 /* Project object */ = {
			isa = PBXProject;
			attributes = {
				LastSwiftUpdateCheck = 0920;
				LastUpgradeCheck = 0930;
				ORGANIZATIONNAME = miltenkot;
				TargetAttributes = {
					DF7BE4D92035B37200E2F7E1 = {
						CreatedOnToolsVersion = 9.2;
						ProvisioningStyle = Automatic;
					};
				};
			};
			buildConfigurationList = DF7BE4D52035B37200E2F7E1 /* Build configuration list for PBXProject "lolApp" */;
			compatibilityVersion = "Xcode 8.0";
			developmentRegion = en;
			hasScannedForEncodings = 0;
			knownRegions = (
				en,
				Base,
			);
			mainGroup = DF7BE4D12035B37200E2F7E1;
			productRefGroup = DF7BE4DB2035B37200E2F7E1 /* Products */;
			projectDirPath = "";
			projectRoot = "";
			targets = (
				DF7BE4D92035B37200E2F7E1 /* lolApp */,
			);
		};
/* End PBXProject section */

/* Begin PBXResourcesBuildPhase section */
		DF7BE4D82035B37200E2F7E1 /* Resources */ = {
			isa = PBXResourcesBuildPhase;
			buildActionMask = 2147483647;
			files = (
				DF7BE4E82035B37200E2F7E1 /* LaunchScreen.storyboard in Resources */,
				DF7BE4E52035B37200E2F7E1 /* Assets.xcassets in Resources */,
				DF7BE4E32035B37200E2F7E1 /* Main.storyboard in Resources */,
			);
			runOnlyForDeploymentPostprocessing = 0;
		};
/* End PBXResourcesBuildPhase section */

/* Begin PBXShellScriptBuildPhase section */
		51DED2DD1C42B6ECF2D4C245 /* [CP] Copy Pods Resources */ = {
			isa = PBXShellScriptBuildPhase;
			buildActionMask = 2147483647;
			files = (
			);
			inputPaths = (
			);
			name = "[CP] Copy Pods Resources";
			outputPaths = (
			);
			runOnlyForDeploymentPostprocessing = 0;
			shellPath = /bin/sh;
			shellScript = "\"${SRCROOT}/Pods/Target Support Files/Pods-lolApp/Pods-lolApp-resources.sh\"\n";
			showEnvVarsInLog = 0;
		};
		51E4D6D90C388DE00EA5D96D /* [CP] Embed Pods Frameworks */ = {
			isa = PBXShellScriptBuildPhase;
			buildActionMask = 2147483647;
			files = (
			);
			inputPaths = (
				"${SRCROOT}/Pods/Target Support Files/Pods-lolApp/Pods-lolApp-frameworks.sh",
				"${BUILT_PRODUCTS_DIR}/Alamofire/Alamofire.framework",
				"${BUILT_PRODUCTS_DIR}/Alamofire-Synchronous/Alamofire_Synchronous.framework",
				"${BUILT_PRODUCTS_DIR}/ChameleonFramework/ChameleonFramework.framework",
				"${BUILT_PRODUCTS_DIR}/DropDown/DropDown.framework",
				"${BUILT_PRODUCTS_DIR}/SwiftyJSON/SwiftyJSON.framework",
			);
			name = "[CP] Embed Pods Frameworks";
			outputPaths = (
				"${TARGET_BUILD_DIR}/${FRAMEWORKS_FOLDER_PATH}/Alamofire.framework",
				"${TARGET_BUILD_DIR}/${FRAMEWORKS_FOLDER_PATH}/Alamofire_Synchronous.framework",
				"${TARGET_BUILD_DIR}/${FRAMEWORKS_FOLDER_PATH}/ChameleonFramework.framework",
				"${TARGET_BUILD_DIR}/${FRAMEWORKS_FOLDER_PATH}/DropDown.framework",
				"${TARGET_BUILD_DIR}/${FRAMEWORKS_FOLDER_PATH}/SwiftyJSON.framework",
			);
			runOnlyForDeploymentPostprocessing = 0;
			shellPath = /bin/sh;
			shellScript = "\"${SRCROOT}/Pods/Target Support Files/Pods-lolApp/Pods-lolApp-frameworks.sh\"\n";
			showEnvVarsInLog = 0;
		};
		8888DD7D12BA26BCF12814C4 /* [CP] Check Pods Manifest.lock */ = {
			isa = PBXShellScriptBuildPhase;
			buildActionMask = 2147483647;
			files = (
			);
			inputPaths = (
				"${PODS_PODFILE_DIR_PATH}/Podfile.lock",
				"${PODS_ROOT}/Manifest.lock",
			);
			name = "[CP] Check Pods Manifest.lock";
			outputPaths = (
				"$(DERIVED_FILE_DIR)/Pods-lolApp-checkManifestLockResult.txt",
			);
			runOnlyForDeploymentPostprocessing = 0;
			shellPath = /bin/sh;
			shellScript = "diff \"${PODS_PODFILE_DIR_PATH}/Podfile.lock\" \"${PODS_ROOT}/Manifest.lock\" > /dev/null\nif [ $? != 0 ] ; then\n    # print error to STDERR\n    echo \"error: The sandbox is not in sync with the Podfile.lock. Run 'pod install' or update your CocoaPods installation.\" >&2\n    exit 1\nfi\n# This output is used by Xcode 'outputs' to avoid re-running this script phase.\necho \"SUCCESS\" > \"${SCRIPT_OUTPUT_FILE_0}\"\n";
			showEnvVarsInLog = 0;
		};
/* End PBXShellScriptBuildPhase section */

/* Begin PBXSourcesBuildPhase section */
		DF7BE4D62035B37200E2F7E1 /* Sources */ = {
			isa = PBXSourcesBuildPhase;
			buildActionMask = 2147483647;
			files = (
				DF468587203CC3A9002ED878 /* UserDataModel.swift in Sources */,
				DF9D047F205C8E1300203846 /* RoundedShadowButton.swift in Sources */,
				DF1FA4A42083BEE700F69AA6 /* RoundedView.swift in Sources */,
				DF9D0481205C8F5400203846 /* RoundedShadowView.swift in Sources */,
				DF47F164203C7807007717AD /* StartViewController.swift in Sources */,
				DF1FA4A02083A6EB00F69AA6 /* RoundImageView.swift in Sources */,
				DF2DB153203B791600406809 /* GameDataModel.swift in Sources */,
				DF7BE4DE2035B37200E2F7E1 /* AppDelegate.swift in Sources */,
			);
			runOnlyForDeploymentPostprocessing = 0;
		};
/* End PBXSourcesBuildPhase section */

/* Begin PBXVariantGroup section */
		DF7BE4E12035B37200E2F7E1 /* Main.storyboard */ = {
			isa = PBXVariantGroup;
			children = (
				DF7BE4E22035B37200E2F7E1 /* Base */,
			);
			name = Main.storyboard;
			sourceTree = "<group>";
		};
		DF7BE4E62035B37200E2F7E1 /* LaunchScreen.storyboard */ = {
			isa = PBXVariantGroup;
			children = (
				DF7BE4E72035B37200E2F7E1 /* Base */,
			);
			name = LaunchScreen.storyboard;
			sourceTree = "<group>";
		};
/* End PBXVariantGroup section */

/* Begin XCBuildConfiguration section */
		DF7BE4EA2035B37200E2F7E1 /* Debug */ = {
			isa = XCBuildConfiguration;
			buildSettings = {
				ALWAYS_SEARCH_USER_PATHS = NO;
				CLANG_ANALYZER_NONNULL = YES;
				CLANG_ANALYZER_NUMBER_OBJECT_CONVERSION = YES_AGGRESSIVE;
				CLANG_CXX_LANGUAGE_STANDARD = "gnu++14";
				CLANG_CXX_LIBRARY = "libc++";
				CLANG_ENABLE_MODULES = YES;
				CLANG_ENABLE_OBJC_ARC = YES;
				CLANG_WARN_BLOCK_CAPTURE_AUTORELEASING = YES;
				CLANG_WARN_BOOL_CONVERSION = YES;
				CLANG_WARN_COMMA = YES;
				CLANG_WARN_CONSTANT_CONVERSION = YES;
				CLANG_WARN_DEPRECATED_OBJC_IMPLEMENTATIONS = YES;
				CLANG_WARN_DIRECT_OBJC_ISA_USAGE = YES_ERROR;
				CLANG_WARN_DOCUMENTATION_COMMENTS = YES;
				CLANG_WARN_EMPTY_BODY = YES;
				CLANG_WARN_ENUM_CONVERSION = YES;
				CLANG_WARN_INFINITE_RECURSION = YES;
				CLANG_WARN_INT_CONVERSION = YES;
				CLANG_WARN_NON_LITERAL_NULL_CONVERSION = YES;
				CLANG_WARN_OBJC_IMPLICIT_RETAIN_SELF = YES;
				CLANG_WARN_OBJC_LITERAL_CONVERSION = YES;
				CLANG_WARN_OBJC_ROOT_CLASS = YES_ERROR;
				CLANG_WARN_RANGE_LOOP_ANALYSIS = YES;
				CLANG_WARN_STRICT_PROTOTYPES = YES;
				CLANG_WARN_SUSPICIOUS_MOVE = YES;
				CLANG_WARN_UNGUARDED_AVAILABILITY = YES_AGGRESSIVE;
				CLANG_WARN_UNREACHABLE_CODE = YES;
				CLANG_WARN__DUPLICATE_METHOD_MATCH = YES;
				CODE_SIGN_IDENTITY = "iPhone Developer";
				COPY_PHASE_STRIP = NO;
				DEBUG_INFORMATION_FORMAT = dwarf;
				ENABLE_STRICT_OBJC_MSGSEND = YES;
				ENABLE_TESTABILITY = YES;
				GCC_C_LANGUAGE_STANDARD = gnu11;
				GCC_DYNAMIC_NO_PIC = NO;
				GCC_NO_COMMON_BLOCKS = YES;
				GCC_OPTIMIZATION_LEVEL = 0;
				GCC_PREPROCESSOR_DEFINITIONS = (
					"DEBUG=1",
					"$(inherited)",
				);
				GCC_WARN_64_TO_32_BIT_CONVERSION = YES;
				GCC_WARN_ABOUT_RETURN_TYPE = YES_ERROR;
				GCC_WARN_UNDECLARED_SELECTOR = YES;
				GCC_WARN_UNINITIALIZED_AUTOS = YES_AGGRESSIVE;
				GCC_WARN_UNUSED_FUNCTION = YES;
				GCC_WARN_UNUSED_VARIABLE = YES;
				IPHONEOS_DEPLOYMENT_TARGET = 11.2;
				MTL_ENABLE_DEBUG_INFO = YES;
				ONLY_ACTIVE_ARCH = YES;
				SDKROOT = iphoneos;
				SWIFT_ACTIVE_COMPILATION_CONDITIONS = DEBUG;
				SWIFT_OPTIMIZATION_LEVEL = "-Onone";
			};
			name = Debug;
		};
		DF7BE4EB2035B37200E2F7E1 /* Release */ = {
			isa = XCBuildConfiguration;
			buildSettings = {
				ALWAYS_SEARCH_USER_PATHS = NO;
				CLANG_ANALYZER_NONNULL = YES;
				CLANG_ANALYZER_NUMBER_OBJECT_CONVERSION = YES_AGGRESSIVE;
				CLANG_CXX_LANGUAGE_STANDARD = "gnu++14";
				CLANG_CXX_LIBRARY = "libc++";
				CLANG_ENABLE_MODULES = YES;
				CLANG_ENABLE_OBJC_ARC = YES;
				CLANG_WARN_BLOCK_CAPTURE_AUTORELEASING = YES;
				CLANG_WARN_BOOL_CONVERSION = YES;
				CLANG_WARN_COMMA = YES;
				CLANG_WARN_CONSTANT_CONVERSION = YES;
				CLANG_WARN_DEPRECATED_OBJC_IMPLEMENTATIONS = YES;
				CLANG_WARN_DIRECT_OBJC_ISA_USAGE = YES_ERROR;
				CLANG_WARN_DOCUMENTATION_COMMENTS = YES;
				CLANG_WARN_EMPTY_BODY = YES;
				CLANG_WARN_ENUM_CONVERSION = YES;
				CLANG_WARN_INFINITE_RECURSION = YES;
				CLANG_WARN_INT_CONVERSION = YES;
				CLANG_WARN_NON_LITERAL_NULL_CONVERSION = YES;
				CLANG_WARN_OBJC_IMPLICIT_RETAIN_SELF = YES;
				CLANG_WARN_OBJC_LITERAL_CONVERSION = YES;
				CLANG_WARN_OBJC_ROOT_CLASS = YES_ERROR;
				CLANG_WARN_RANGE_LOOP_ANALYSIS = YES;
				CLANG_WARN_STRICT_PROTOTYPES = YES;
				CLANG_WARN_SUSPICIOUS_MOVE = YES;
				CLANG_WARN_UNGUARDED_AVAILABILITY = YES_AGGRESSIVE;
				CLANG_WARN_UNREACHABLE_CODE = YES;
				CLANG_WARN__DUPLICATE_METHOD_MATCH = YES;
				CODE_SIGN_IDENTITY = "iPhone Developer";
				COPY_PHASE_STRIP = NO;
				DEBUG_INFORMATION_FORMAT = "dwarf-with-dsym";
				ENABLE_NS_ASSERTIONS = NO;
				ENABLE_STRICT_OBJC_MSGSEND = YES;
				GCC_C_LANGUAGE_STANDARD = gnu11;
				GCC_NO_COMMON_BLOCKS = YES;
				GCC_WARN_64_TO_32_BIT_CONVERSION = YES;
				GCC_WARN_ABOUT_RETURN_TYPE = YES_ERROR;
				GCC_WARN_UNDECLARED_SELECTOR = YES;
				GCC_WARN_UNINITIALIZED_AUTOS = YES_AGGRESSIVE;
				GCC_WARN_UNUSED_FUNCTION = YES;
				GCC_WARN_UNUSED_VARIABLE = YES;
				IPHONEOS_DEPLOYMENT_TARGET = 11.2;
				MTL_ENABLE_DEBUG_INFO = NO;
				SDKROOT = iphoneos;
				SWIFT_OPTIMIZATION_LEVEL = "-Owholemodule";
				VALIDATE_PRODUCT = YES;
			};
			name = Release;
		};
		DF7BE4ED2035B37200E2F7E1 /* Debug */ = {
			isa = XCBuildConfiguration;
			baseConfigurationReference = BEA533E6AA126559F3A1309B /* Pods-lolApp.debug.xcconfig */;
			buildSettings = {
				ASSETCATALOG_COMPILER_APPICON_NAME = AppIcon;
				CODE_SIGN_STYLE = Automatic;
				DEVELOPMENT_TEAM = 9AKL82KSN5;
				INFOPLIST_FILE = lolApp/Info.plist;
				LD_RUNPATH_SEARCH_PATHS = "$(inherited) @executable_path/Frameworks";
				PRODUCT_BUNDLE_IDENTIFIER = pl.miltenkot.lolApp;
				PRODUCT_NAME = "$(TARGET_NAME)";
				SWIFT_VERSION = 4.0;
				TARGETED_DEVICE_FAMILY = "1,2";
			};
			name = Debug;
		};
		DF7BE4EE2035B37200E2F7E1 /* Release */ = {
			isa = XCBuildConfiguration;
			baseConfigurationReference = 6A0894DF08679EC0B7F97E28 /* Pods-lolApp.release.xcconfig */;
			buildSettings = {
				ASSETCATALOG_COMPILER_APPICON_NAME = AppIcon;
				CODE_SIGN_STYLE = Automatic;
				DEVELOPMENT_TEAM = 9AKL82KSN5;
				INFOPLIST_FILE = lolApp/Info.plist;
				LD_RUNPATH_SEARCH_PATHS = "$(inherited) @executable_path/Frameworks";
				PRODUCT_BUNDLE_IDENTIFIER = pl.miltenkot.lolApp;
				PRODUCT_NAME = "$(TARGET_NAME)";
				SWIFT_VERSION = 4.0;
				TARGETED_DEVICE_FAMILY = "1,2";
			};
			name = Release;
		};
/* End XCBuildConfiguration section */

/* Begin XCConfigurationList section */
		DF7BE4D52035B37200E2F7E1 /* Build configuration list for PBXProject "lolApp" */ = {
			isa = XCConfigurationList;
			buildConfigurations = (
				DF7BE4EA2035B37200E2F7E1 /* Debug */,
				DF7BE4EB2035B37200E2F7E1 /* Release */,
			);
			defaultConfigurationIsVisible = 0;
			defaultConfigurationName = Release;
		};
		DF7BE4EC2035B37200E2F7E1 /* Build configuration list for PBXNativeTarget "lolApp" */ = {
			isa = XCConfigurationList;
			buildConfigurations = (
				DF7BE4ED2035B37200E2F7E1 /* Debug */,
				DF7BE4EE2035B37200E2F7E1 /* Release */,
			);
			defaultConfigurationIsVisible = 0;
			defaultConfigurationName = Release;
		};
/* End XCConfigurationList section */
	};
	rootObject = DF7BE4D22035B37200E2F7E1 /* Project object */;
}
