// !$*UTF8*$!
{
	archiveVersion = 1;
	classes = {
	};
	objectVersion = 48;
	objects = {

/* Begin PBXBuildFile section */
		DF7BE4DE2035B37200E2F7E1 /* AppDelegate.swift in Sources */ = {isa = PBXBuildFile; fileRef = DF7BE4DD2035B37200E2F7E1 /* AppDelegate.swift */; };
		DF7BE4E02035B37200E2F7E1 /* ViewController.swift in Sources */ = {isa = PBXBuildFile; fileRef = DF7BE4DF2035B37200E2F7E1 /* ViewController.swift */; };
		DF7BE4E32035B37200E2F7E1 /* Main.storyboard in Resources */ = {isa = PBXBuildFile; fileRef = DF7BE4E12035B37200E2F7E1 /* Main.storyboard */; };
		DF7BE4E52035B37200E2F7E1 /* Assets.xcassets in Resources */ = {isa = PBXBuildFile; fileRef = DF7BE4E42035B37200E2F7E1 /* Assets.xcassets */; };
		DF7BE4E82035B37200E2F7E1 /* LaunchScreen.storyboard in Resources */ = {isa = PBXBuildFile; fileRef = DF7BE4E62035B37200E2F7E1 /* LaunchScreen.storyboard */; };
/* End PBXBuildFile section */

/* Begin PBXFileReference section */
		DF7BE4DA2035B37200E2F7E1 /* lolApp.app */ = {isa = PBXFileReference; explicitFileType = wrapper.application; includeInIndex = 0; path = lolApp.app; sourceTree = BUILT_PRODUCTS_DIR; };
		DF7BE4DD2035B37200E2F7E1 /* AppDelegate.swift */ = {isa = PBXFileReference; lastKnownFileType = sourcecode.swift; path = AppDelegate.swift; sourceTree = "<group>"; };
		DF7BE4DF2035B37200E2F7E1 /* ViewController.swift */ = {isa = PBXFileReference; lastKnownFileType = sourcecode.swift; path = ViewController.swift; sourceTree = "<group>"; };
		DF7BE4E22035B37200E2F7E1 /* Base */ = {isa = PBXFileReference; lastKnownFileType = file.storyboard; name = Base; path = Base.lproj/Main.storyboard; sourceTree = "<group>"; };
		DF7BE4E42035B37200E2F7E1 /* Assets.xcassets */ = {isa = PBXFileReference; lastKnownFileType = folder.assetcatalog; path = Assets.xcassets; sourceTree = "<group>"; };
		DF7BE4E72035B37200E2F7E1 /* Base */ = {isa = PBXFileReference; lastKnownFileType = file.storyboard; name = Base; path = Base.lproj/LaunchScreen.storyboard; sourceTree = "<group>"; };
		DF7BE4E92035B37200E2F7E1 /* Info.plist */ = {isa = PBXFileReference; lastKnownFileType = text.plist.xml; path = Info.plist; sourceTree = "<group>"; };
/* End PBXFileReference section */

/* Begin PBXFrameworksBuildPhase section */
		DF7BE4D72035B37200E2F7E1 /* Frameworks */ = {
			isa = PBXFrameworksBuildPhase;
			buildActionMask = 2147483647;
			files = (
			);
			runOnlyForDeploymentPostprocessing = 0;
		};
/* End PBXFrameworksBuildPhase section */

/* Begin PBXGroup section */
		DF7BE4D12035B37200E2F7E1 = {
			isa = PBXGroup;
			children = (
				DF7BE4DC2035B37200E2F7E1 /* lolApp */,
				DF7BE4DB2035B37200E2F7E1 /* Products */,
			);
			sourceTree = "<group>";
		};
		DF7BE4DB2035B37200E2F7E1 /* Products */ = {
			isa = PBXGroup;
			children = (
				DF7BE4DA2035B37200E2F7E1 /* lolApp.app */,
			);
			name = Products;
			sourceTree = "<group>";
		};
		DF7BE4DC2035B37200E2F7E1 /* lolApp */ = {
			isa = PBXGroup;
			children = (
				DF7BE4DD2035B37200E2F7E1 /* AppDelegate.swift */,
				DF7BE4DF2035B37200E2F7E1 /* ViewController.swift */,
				DF7BE4E12035B37200E2F7E1 /* Main.storyboard */,
				DF7BE4E42035B37200E2F7E1 /* Assets.xcassets */,
				DF7BE4E62035B37200E2F7E1 /* LaunchScreen.storyboard */,
				DF7BE4E92035B37200E2F7E1 /* Info.plist */,
			);
			path = lolApp;
			sourceTree = "<group>";
		};
/* End PBXGroup section */

/* Begin PBXNativeTarget section */
		DF7BE4D92035B37200E2F7E1 /* lolApp */ = {
			isa = PBXNativeTarget;
			buildConfigurationList = DF7BE4EC2035B37200E2F7E1 /* Build configuration list for PBXNativeTarget "lolApp" */;
			buildPhases = (
				DF7BE4D62035B37200E2F7E1 /* Sources */,
				DF7BE4D72035B37200E2F7E1 /* Frameworks */,
				DF7BE4D82035B37200E2F7E1 /* Resources */,
			);
			buildRules = (
			);
			dependencies = (
			);
			name = lolApp;
			productName = lolApp;
			productReference = DF7BE4DA2035B37200E2F7E1 /* lolApp.app */;
			productType = "com.apple.product-type.application";
		};
/* End PBXNativeTarget section */

/* Begin PBXProject section */
		DF7BE4D22035B37200E2F7E1 /* Project object */ = {
			isa = PBXProject;
			attributes = {
				LastSwiftUpdateCheck = 0920;
				LastUpgradeCheck = 0920;
				ORGANIZATIONNAME = miltenkot;
				TargetAttributes = {
					DF7BE4D92035B37200E2F7E1 = {
						CreatedOnToolsVersion = 9.2;
						ProvisioningStyle = Automatic;
					};
				};
			};
			buildConfigurationList = DF7BE4D52035B37200E2F7E1 /* Build configuration list for PBXProject "lolApp" */;
			compatibilityVersion = "Xcode 8.0";
			developmentRegion = en;
			hasScannedForEncodings = 0;
			knownRegions = (
				en,
				Base,
			);
			mainGroup = DF7BE4D12035B37200E2F7E1;
			productRefGroup = DF7BE4DB2035B37200E2F7E1 /* Products */;
			projectDirPath = "";
			projectRoot = "";
			targets = (
				DF7BE4D92035B37200E2F7E1 /* lolApp */,
			);
		};
/* End PBXProject section */

/* Begin PBXResourcesBuildPhase section */
		DF7BE4D82035B37200E2F7E1 /* Resources */ = {
			isa = PBXResourcesBuildPhase;
			buildActionMask = 2147483647;
			files = (
				DF7BE4E82035B37200E2F7E1 /* LaunchScreen.storyboard in Resources */,
				DF7BE4E52035B37200E2F7E1 /* Assets.xcassets in Resources */,
				DF7BE4E32035B37200E2F7E1 /* Main.storyboard in Resources */,
			);
			runOnlyForDeploymentPostprocessing = 0;
		};
/* End PBXResourcesBuildPhase section */

/* Begin PBXSourcesBuildPhase section */
		DF7BE4D62035B37200E2F7E1 /* Sources */ = {
			isa = PBXSourcesBuildPhase;
			buildActionMask = 2147483647;
			files = (
				DF7BE4E02035B37200E2F7E1 /* ViewController.swift in Sources */,
				DF7BE4DE2035B37200E2F7E1 /* AppDelegate.swift in Sources */,
			);
			runOnlyForDeploymentPostprocessing = 0;
		};
/* End PBXSourcesBuildPhase section */

/* Begin PBXVariantGroup section */
		DF7BE4E12035B37200E2F7E1 /* Main.storyboard */ = {
			isa = PBXVariantGroup;
			children = (
				DF7BE4E22035B37200E2F7E1 /* Base */,
			);
			name = Main.storyboard;
			sourceTree = "<group>";
		};
		DF7BE4E62035B37200E2F7E1 /* LaunchScreen.storyboard */ = {
			isa = PBXVariantGroup;
			children = (
				DF7BE4E72035B37200E2F7E1 /* Base */,
			);
			name = LaunchScreen.storyboard;
			sourceTree = "<group>";
		};
/* End PBXVariantGroup section */

/* Begin XCBuildConfiguration section */
		DF7BE4EA2035B37200E2F7E1 /* Debug */ = {
			isa = XCBuildConfiguration;
			buildSettings = {
				ALWAYS_SEARCH_USER_PATHS = NO;
				CLANG_ANALYZER_NONNULL = YES;
				CLANG_ANALYZER_NUMBER_OBJECT_CONVERSION = YES_AGGRESSIVE;
				CLANG_CXX_LANGUAGE_STANDARD = "gnu++14";
				CLANG_CXX_LIBRARY = "libc++";
				CLANG_ENABLE_MODULES = YES;
				CLANG_ENABLE_OBJC_ARC = YES;
				CLANG_WARN_BLOCK_CAPTURE_AUTORELEASING = YES;
				CLANG_WARN_BOOL_CONVERSION = YES;
				CLANG_WARN_COMMA = YES;
				CLANG_WARN_CONSTANT_CONVERSION = YES;
				CLANG_WARN_DIRECT_OBJC_ISA_USAGE = YES_ERROR;
				CLANG_WARN_DOCUMENTATION_COMMENTS = YES;
				CLANG_WARN_EMPTY_BODY = YES;
				CLANG_WARN_ENUM_CONVERSION = YES;
				CLANG_WARN_INFINITE_RECURSION = YES;
				CLANG_WARN_INT_CONVERSION = YES;
				CLANG_WARN_NON_LITERAL_NULL_CONVERSION = YES;
				CLANG_WARN_OBJC_LITERAL_CONVERSION = YES;
				CLANG_WARN_OBJC_ROOT_CLASS = YES_ERROR;
				CLANG_WARN_RANGE_LOOP_ANALYSIS = YES;
				CLANG_WARN_STRICT_PROTOTYPES = YES;
				CLANG_WARN_SUSPICIOUS_MOVE = YES;
				CLANG_WARN_UNGUARDED_AVAILABILITY = YES_AGGRESSIVE;
				CLANG_WARN_UNREACHABLE_CODE = YES;
				CLANG_WARN__DUPLICATE_METHOD_MATCH = YES;
				CODE_SIGN_IDENTITY = "iPhone Developer";
				COPY_PHASE_STRIP = NO;
				DEBUG_INFORMATION_FORMAT = dwarf;
				ENABLE_STRICT_OBJC_MSGSEND = YES;
				ENABLE_TESTABILITY = YES;
				GCC_C_LANGUAGE_STANDARD = gnu11;
				GCC_DYNAMIC_NO_PIC = NO;
				GCC_NO_COMMON_BLOCKS = YES;
				GCC_OPTIMIZATION_LEVEL = 0;
				GCC_PREPROCESSOR_DEFINITIONS = (
					"DEBUG=1",
					"$(inherited)",
				);
				GCC_WARN_64_TO_32_BIT_CONVERSION = YES;
				GCC_WARN_ABOUT_RETURN_TYPE = YES_ERROR;
				GCC_WARN_UNDECLARED_SELECTOR = YES;
				GCC_WARN_UNINITIALIZED_AUTOS = YES_AGGRESSIVE;
				GCC_WARN_UNUSED_FUNCTION = YES;
				GCC_WARN_UNUSED_VARIABLE = YES;
				IPHONEOS_DEPLOYMENT_TARGET = 11.2;
				MTL_ENABLE_DEBUG_INFO = YES;
				ONLY_ACTIVE_ARCH = YES;
				SDKROOT = iphoneos;
				SWIFT_ACTIVE_COMPILATION_CONDITIONS = DEBUG;
				SWIFT_OPTIMIZATION_LEVEL = "-Onone";
			};
			name = Debug;
		};
		DF7BE4EB2035B37200E2F7E1 /* Release */ = {
			isa = XCBuildConfiguration;
			buildSettings = {
				ALWAYS_SEARCH_USER_PATHS = NO;
				CLANG_ANALYZER_NONNULL = YES;
				CLANG_ANALYZER_NUMBER_OBJECT_CONVERSION = YES_AGGRESSIVE;
				CLANG_CXX_LANGUAGE_STANDARD = "gnu++14";
				CLANG_CXX_LIBRARY = "libc++";
				CLANG_ENABLE_MODULES = YES;
				CLANG_ENABLE_OBJC_ARC = YES;
				CLANG_WARN_BLOCK_CAPTURE_AUTORELEASING = YES;
				CLANG_WARN_BOOL_CONVERSION = YES;
				CLANG_WARN_COMMA = YES;
				CLANG_WARN_CONSTANT_CONVERSION = YES;
				CLANG_WARN_DIRECT_OBJC_ISA_USAGE = YES_ERROR;
				CLANG_WARN_DOCUMENTATION_COMMENTS = YES;
				CLANG_WARN_EMPTY_BODY = YES;
				CLANG_WARN_ENUM_CONVERSION = YES;
				CLANG_WARN_INFINITE_RECURSION = YES;
				CLANG_WARN_INT_CONVERSION = YES;
				CLANG_WARN_NON_LITERAL_NULL_CONVERSION = YES;
				CLANG_WARN_OBJC_LITERAL_CONVERSION = YES;
				CLANG_WARN_OBJC_ROOT_CLASS = YES_ERROR;
				CLANG_WARN_RANGE_LOOP_ANALYSIS = YES;
				CLANG_WARN_STRICT_PROTOTYPES = YES;
				CLANG_WARN_SUSPICIOUS_MOVE = YES;
				CLANG_WARN_UNGUARDED_AVAILABILITY = YES_AGGRESSIVE;
				CLANG_WARN_UNREACHABLE_CODE = YES;
				CLANG_WARN__DUPLICATE_METHOD_MATCH = YES;
				CODE_SIGN_IDENTITY = "iPhone Developer";
				COPY_PHASE_STRIP = NO;
				DEBUG_INFORMATION_FORMAT = "dwarf-with-dsym";
				ENABLE_NS_ASSERTIONS = NO;
				ENABLE_STRICT_OBJC_MSGSEND = YES;
				GCC_C_LANGUAGE_STANDARD = gnu11;
				GCC_NO_COMMON_BLOCKS = YES;
				GCC_WARN_64_TO_32_BIT_CONVERSION = YES;
				GCC_WARN_ABOUT_RETURN_TYPE = YES_ERROR;
				GCC_WARN_UNDECLARED_SELECTOR = YES;
				GCC_WARN_UNINITIALIZED_AUTOS = YES_AGGRESSIVE;
				GCC_WARN_UNUSED_FUNCTION = YES;
				GCC_WARN_UNUSED_VARIABLE = YES;
				IPHONEOS_DEPLOYMENT_TARGET = 11.2;
				MTL_ENABLE_DEBUG_INFO = NO;
				SDKROOT = iphoneos;
				SWIFT_OPTIMIZATION_LEVEL = "-Owholemodule";
				VALIDATE_PRODUCT = YES;
			};
			name = Release;
		};
		DF7BE4ED2035B37200E2F7E1 /* Debug */ = {
			isa = XCBuildConfiguration;
			buildSettings = {
				ASSETCATALOG_COMPILER_APPICON_NAME = AppIcon;
				CODE_SIGN_STYLE = Automatic;
				DEVELOPMENT_TEAM = 9AKL82KSN5;
				INFOPLIST_FILE = lolApp/Info.plist;
				LD_RUNPATH_SEARCH_PATHS = "$(inherited) @executable_path/Frameworks";
				PRODUCT_BUNDLE_IDENTIFIER = pl.miltenkot.lolApp;
				PRODUCT_NAME = "$(TARGET_NAME)";
				SWIFT_VERSION = 4.0;
				TARGETED_DEVICE_FAMILY = "1,2";
			};
			name = Debug;
		};
		DF7BE4EE2035B37200E2F7E1 /* Release */ = {
			isa = XCBuildConfiguration;
			buildSettings = {
				ASSETCATALOG_COMPILER_APPICON_NAME = AppIcon;
				CODE_SIGN_STYLE = Automatic;
				DEVELOPMENT_TEAM = 9AKL82KSN5;
				INFOPLIST_FILE = lolApp/Info.plist;
				LD_RUNPATH_SEARCH_PATHS = "$(inherited) @executable_path/Frameworks";
				PRODUCT_BUNDLE_IDENTIFIER = pl.miltenkot.lolApp;
				PRODUCT_NAME = "$(TARGET_NAME)";
				SWIFT_VERSION = 4.0;
				TARGETED_DEVICE_FAMILY = "1,2";
			};
			name = Release;
		};
/* End XCBuildConfiguration section */

/* Begin XCConfigurationList section */
		DF7BE4D52035B37200E2F7E1 /* Build configuration list for PBXProject "lolApp" */ = {
			isa = XCConfigurationList;
			buildConfigurations = (
				DF7BE4EA2035B37200E2F7E1 /* Debug */,
				DF7BE4EB2035B37200E2F7E1 /* Release */,
			);
			defaultConfigurationIsVisible = 0;
			defaultConfigurationName = Release;
		};
		DF7BE4EC2035B37200E2F7E1 /* Build configuration list for PBXNativeTarget "lolApp" */ = {
			isa = XCConfigurationList;
			buildConfigurations = (
				DF7BE4ED2035B37200E2F7E1 /* Debug */,
				DF7BE4EE2035B37200E2F7E1 /* Release */,
			);
			defaultConfigurationIsVisible = 0;
			defaultConfigurationName = Release;
		};
/* End XCConfigurationList section */
	};
	rootObject = DF7BE4D22035B37200E2F7E1 /* Project object */;
}
